
Microsoft Visual Studio Solution File, Format Version 12.00
# Visual Studio Version 17
VisualStudioVersion = 17.14.36310.24
MinimumVisualStudioVersion = 10.0.40219.1
Project("{FAE04EC0-301F-11D3-BF4B-00C04F79EFBC}") = "DevOpsDemo", "DevOpsDemo\DevOpsDemo.csproj", "{15E36A4B-60C3-4D55-AF7E-EEA27508150D}"
EndProject
Project("{FAE04EC0-301F-11D3-BF4B-00C04F79EFBC}") = "WeatherEndpointTests2", "WeatherEndpointTests2\WeatherEndpointTests2.csproj", "{8A4C90B2-D397-4950-BD58-61EF8D0E99E6}"
EndProject
Global
	GlobalSection(SolutionConfigurationPlatforms) = preSolution
		Debug|Any CPU = Debug|Any CPU
		Release|Any CPU = Release|Any CPU
	EndGlobalSection
	GlobalSection(ProjectConfigurationPlatforms) = postSolution
		{15E36A4B-60C3-4D55-AF7E-EEA27508150D}.Debug|Any CPU.ActiveCfg = Debug|Any CPU
		{15E36A4B-60C3-4D55-AF7E-EEA27508150D}.Debug|Any CPU.Build.0 = Debug|Any CPU
		{15E36A4B-60C3-4D55-AF7E-EEA27508150D}.Release|Any CPU.ActiveCfg = Release|Any CPU
		{15E36A4B-60C3-4D55-AF7E-EEA27508150D}.Release|Any CPU.Build.0 = Release|Any CPU
		{8A4C90B2-D397-4950-BD58-61EF8D0E99E6}.Debug|Any CPU.ActiveCfg = Debug|Any CPU
		{8A4C90B2-D397-4950-BD58-61EF8D0E99E6}.Debug|Any CPU.Build.0 = Debug|Any CPU
		{8A4C90B2-D397-4950-BD58-61EF8D0E99E6}.Release|Any CPU.ActiveCfg = Release|Any CPU
		{8A4C90B2-D397-4950-BD58-61EF8D0E99E6}.Release|Any CPU.Build.0 = Release|Any CPU
	EndGlobalSection
	GlobalSection(SolutionProperties) = preSolution
		HideSolutionNode = FALSE
	EndGlobalSection
	GlobalSection(ExtensibilityGlobals) = postSolution
		SolutionGuid = {C075C430-ACAD-45AF-AF70-0CD7DF03249A}
	EndGlobalSection
EndGlobal
